
Microsoft Visual Studio Solution File, Format Version 12.00
# Visual Studio Version 17
VisualStudioVersion = 17.8.34330.188
MinimumVisualStudioVersion = 10.0.40219.1
Project("{FAE04EC0-301F-11D3-BF4B-00C04F79EFBC}") = "Task1", "Task1\Task1.csproj", "{48BEC1AF-3295-4585-A632-99DC2D4F2866}"
EndProject
Project("{FAE04EC0-301F-11D3-BF4B-00C04F79EFBC}") = "Task2", "Task2\Task2.csproj", "{173C5AB4-C38A-4277-AAD1-05E6CB374F28}"
EndProject
Project("{FAE04EC0-301F-11D3-BF4B-00C04F79EFBC}") = "Task3", "Task3\Task3.csproj", "{1A56217E-CDCB-4E03-9CA5-9DFD564101F9}"
EndProject
Global
	GlobalSection(SolutionConfigurationPlatforms) = preSolution
		Debug|Any CPU = Debug|Any CPU
		Release|Any CPU = Release|Any CPU
	EndGlobalSection
	GlobalSection(ProjectConfigurationPlatforms) = postSolution
		{48BEC1AF-3295-4585-A632-99DC2D4F2866}.Debug|Any CPU.ActiveCfg = Debug|Any CPU
		{48BEC1AF-3295-4585-A632-99DC2D4F2866}.Debug|Any CPU.Build.0 = Debug|Any CPU
		{48BEC1AF-3295-4585-A632-99DC2D4F2866}.Release|Any CPU.ActiveCfg = Release|Any CPU
		{48BEC1AF-3295-4585-A632-99DC2D4F2866}.Release|Any CPU.Build.0 = Release|Any CPU
		{173C5AB4-C38A-4277-AAD1-05E6CB374F28}.Debug|Any CPU.ActiveCfg = Debug|Any CPU
		{173C5AB4-C38A-4277-AAD1-05E6CB374F28}.Debug|Any CPU.Build.0 = Debug|Any CPU
		{173C5AB4-C38A-4277-AAD1-05E6CB374F28}.Release|Any CPU.ActiveCfg = Release|Any CPU
		{173C5AB4-C38A-4277-AAD1-05E6CB374F28}.Release|Any CPU.Build.0 = Release|Any CPU
		{1A56217E-CDCB-4E03-9CA5-9DFD564101F9}.Debug|Any CPU.ActiveCfg = Debug|Any CPU
		{1A56217E-CDCB-4E03-9CA5-9DFD564101F9}.Debug|Any CPU.Build.0 = Debug|Any CPU
		{1A56217E-CDCB-4E03-9CA5-9DFD564101F9}.Release|Any CPU.ActiveCfg = Release|Any CPU
		{1A56217E-CDCB-4E03-9CA5-9DFD564101F9}.Release|Any CPU.Build.0 = Release|Any CPU
	EndGlobalSection
	GlobalSection(SolutionProperties) = preSolution
		HideSolutionNode = FALSE
	EndGlobalSection
	GlobalSection(ExtensibilityGlobals) = postSolution
		SolutionGuid = {26FAADEB-3A52-4320-8A11-A8C7D141C6A8}
	EndGlobalSection
EndGlobal
